// !$*UTF8*$!
{
	archiveVersion = 1;
	classes = {
	};
	objectVersion = 50;
	objects = {

/* Begin PBXBuildFile section */
		7E7EE84122DD1EB500A6BA84 /* AppDelegate.swift in Sources */ = {isa = PBXBuildFile; fileRef = 7E7EE84022DD1EB500A6BA84 /* AppDelegate.swift */; };
		7E7EE84322DD1EB500A6BA84 /* ViewController.swift in Sources */ = {isa = PBXBuildFile; fileRef = 7E7EE84222DD1EB500A6BA84 /* ViewController.swift */; };
		7E7EE84622DD1EB500A6BA84 /* Main.storyboard in Resources */ = {isa = PBXBuildFile; fileRef = 7E7EE84422DD1EB500A6BA84 /* Main.storyboard */; };
		7E7EE84922DD1EB500A6BA84 /* accessingCamera.xcdatamodeld in Sources */ = {isa = PBXBuildFile; fileRef = 7E7EE84722DD1EB500A6BA84 /* accessingCamera.xcdatamodeld */; };
		7E7EE84B22DD1EB600A6BA84 /* Assets.xcassets in Resources */ = {isa = PBXBuildFile; fileRef = 7E7EE84A22DD1EB600A6BA84 /* Assets.xcassets */; };
		7E7EE84E22DD1EB600A6BA84 /* LaunchScreen.storyboard in Resources */ = {isa = PBXBuildFile; fileRef = 7E7EE84C22DD1EB600A6BA84 /* LaunchScreen.storyboard */; };
		7E7EE85922DD1EB600A6BA84 /* accessingCameraTests.swift in Sources */ = {isa = PBXBuildFile; fileRef = 7E7EE85822DD1EB600A6BA84 /* accessingCameraTests.swift */; };
		7E7EE86422DD1EB600A6BA84 /* accessingCameraUITests.swift in Sources */ = {isa = PBXBuildFile; fileRef = 7E7EE86322DD1EB600A6BA84 /* accessingCameraUITests.swift */; };
/* End PBXBuildFile section */

/* Begin PBXContainerItemProxy section */
		7E7EE85522DD1EB600A6BA84 /* PBXContainerItemProxy */ = {
			isa = PBXContainerItemProxy;
			containerPortal = 7E7EE83522DD1EB500A6BA84 /* Project object */;
			proxyType = 1;
			remoteGlobalIDString = 7E7EE83C22DD1EB500A6BA84;
			remoteInfo = accessingCamera;
		};
		7E7EE86022DD1EB600A6BA84 /* PBXContainerItemProxy */ = {
			isa = PBXContainerItemProxy;
			containerPortal = 7E7EE83522DD1EB500A6BA84 /* Project object */;
			proxyType = 1;
			remoteGlobalIDString = 7E7EE83C22DD1EB500A6BA84;
			remoteInfo = accessingCamera;
		};
/* End PBXContainerItemProxy section */

/* Begin PBXFileReference section */
		7E7EE83D22DD1EB500A6BA84 /* accessingCamera.app */ = {isa = PBXFileReference; explicitFileType = wrapper.application; includeInIndex = 0; path = accessingCamera.app; sourceTree = BUILT_PRODUCTS_DIR; };
		7E7EE84022DD1EB500A6BA84 /* AppDelegate.swift */ = {isa = PBXFileReference; lastKnownFileType = sourcecode.swift; path = AppDelegate.swift; sourceTree = "<group>"; };
		7E7EE84222DD1EB500A6BA84 /* ViewController.swift */ = {isa = PBXFileReference; lastKnownFileType = sourcecode.swift; path = ViewController.swift; sourceTree = "<group>"; };
		7E7EE84522DD1EB500A6BA84 /* Base */ = {isa = PBXFileReference; lastKnownFileType = file.storyboard; name = Base; path = Base.lproj/Main.storyboard; sourceTree = "<group>"; };
		7E7EE84822DD1EB500A6BA84 /* accessingCamera.xcdatamodel */ = {isa = PBXFileReference; lastKnownFileType = wrapper.xcdatamodel; path = accessingCamera.xcdatamodel; sourceTree = "<group>"; };
		7E7EE84A22DD1EB600A6BA84 /* Assets.xcassets */ = {isa = PBXFileReference; lastKnownFileType = folder.assetcatalog; path = Assets.xcassets; sourceTree = "<group>"; };
		7E7EE84D22DD1EB600A6BA84 /* Base */ = {isa = PBXFileReference; lastKnownFileType = file.storyboard; name = Base; path = Base.lproj/LaunchScreen.storyboard; sourceTree = "<group>"; };
		7E7EE84F22DD1EB600A6BA84 /* Info.plist */ = {isa = PBXFileReference; lastKnownFileType = text.plist.xml; path = Info.plist; sourceTree = "<group>"; };
		7E7EE85422DD1EB600A6BA84 /* accessingCameraTests.xctest */ = {isa = PBXFileReference; explicitFileType = wrapper.cfbundle; includeInIndex = 0; path = accessingCameraTests.xctest; sourceTree = BUILT_PRODUCTS_DIR; };
		7E7EE85822DD1EB600A6BA84 /* accessingCameraTests.swift */ = {isa = PBXFileReference; lastKnownFileType = sourcecode.swift; path = accessingCameraTests.swift; sourceTree = "<group>"; };
		7E7EE85A22DD1EB600A6BA84 /* Info.plist */ = {isa = PBXFileReference; lastKnownFileType = text.plist.xml; path = Info.plist; sourceTree = "<group>"; };
		7E7EE85F22DD1EB600A6BA84 /* accessingCameraUITests.xctest */ = {isa = PBXFileReference; explicitFileType = wrapper.cfbundle; includeInIndex = 0; path = accessingCameraUITests.xctest; sourceTree = BUILT_PRODUCTS_DIR; };
		7E7EE86322DD1EB600A6BA84 /* accessingCameraUITests.swift */ = {isa = PBXFileReference; lastKnownFileType = sourcecode.swift; path = accessingCameraUITests.swift; sourceTree = "<group>"; };
		7E7EE86522DD1EB600A6BA84 /* Info.plist */ = {isa = PBXFileReference; lastKnownFileType = text.plist.xml; path = Info.plist; sourceTree = "<group>"; };
/* End PBXFileReference section */

/* Begin PBXFrameworksBuildPhase section */
		7E7EE83A22DD1EB500A6BA84 /* Frameworks */ = {
			isa = PBXFrameworksBuildPhase;
			buildActionMask = 2147483647;
			files = (
			);
			runOnlyForDeploymentPostprocessing = 0;
		};
		7E7EE85122DD1EB600A6BA84 /* Frameworks */ = {
			isa = PBXFrameworksBuildPhase;
			buildActionMask = 2147483647;
			files = (
			);
			runOnlyForDeploymentPostprocessing = 0;
		};
		7E7EE85C22DD1EB600A6BA84 /* Frameworks */ = {
			isa = PBXFrameworksBuildPhase;
			buildActionMask = 2147483647;
			files = (
			);
			runOnlyForDeploymentPostprocessing = 0;
		};
/* End PBXFrameworksBuildPhase section */

/* Begin PBXGroup section */
		7E7EE83422DD1EB500A6BA84 = {
			isa = PBXGroup;
			children = (
				7E7EE83F22DD1EB500A6BA84 /* accessingCamera */,
				7E7EE85722DD1EB600A6BA84 /* accessingCameraTests */,
				7E7EE86222DD1EB600A6BA84 /* accessingCameraUITests */,
				7E7EE83E22DD1EB500A6BA84 /* Products */,
			);
			sourceTree = "<group>";
		};
		7E7EE83E22DD1EB500A6BA84 /* Products */ = {
			isa = PBXGroup;
			children = (
				7E7EE83D22DD1EB500A6BA84 /* accessingCamera.app */,
				7E7EE85422DD1EB600A6BA84 /* accessingCameraTests.xctest */,
				7E7EE85F22DD1EB600A6BA84 /* accessingCameraUITests.xctest */,
			);
			name = Products;
			sourceTree = "<group>";
		};
		7E7EE83F22DD1EB500A6BA84 /* accessingCamera */ = {
			isa = PBXGroup;
			children = (
				7E7EE84022DD1EB500A6BA84 /* AppDelegate.swift */,
				7E7EE84222DD1EB500A6BA84 /* ViewController.swift */,
				7E7EE84422DD1EB500A6BA84 /* Main.storyboard */,
				7E7EE84A22DD1EB600A6BA84 /* Assets.xcassets */,
				7E7EE84C22DD1EB600A6BA84 /* LaunchScreen.storyboard */,
				7E7EE84F22DD1EB600A6BA84 /* Info.plist */,
				7E7EE84722DD1EB500A6BA84 /* accessingCamera.xcdatamodeld */,
			);
			path = accessingCamera;
			sourceTree = "<group>";
		};
		7E7EE85722DD1EB600A6BA84 /* accessingCameraTests */ = {
			isa = PBXGroup;
			children = (
				7E7EE85822DD1EB600A6BA84 /* accessingCameraTests.swift */,
				7E7EE85A22DD1EB600A6BA84 /* Info.plist */,
			);
			path = accessingCameraTests;
			sourceTree = "<group>";
		};
		7E7EE86222DD1EB600A6BA84 /* accessingCameraUITests */ = {
			isa = PBXGroup;
			children = (
				7E7EE86322DD1EB600A6BA84 /* accessingCameraUITests.swift */,
				7E7EE86522DD1EB600A6BA84 /* Info.plist */,
			);
			path = accessingCameraUITests;
			sourceTree = "<group>";
		};
/* End PBXGroup section */

/* Begin PBXNativeTarget section */
		7E7EE83C22DD1EB500A6BA84 /* accessingCamera */ = {
			isa = PBXNativeTarget;
			buildConfigurationList = 7E7EE86822DD1EB600A6BA84 /* Build configuration list for PBXNativeTarget "accessingCamera" */;
			buildPhases = (
				7E7EE83922DD1EB500A6BA84 /* Sources */,
				7E7EE83A22DD1EB500A6BA84 /* Frameworks */,
				7E7EE83B22DD1EB500A6BA84 /* Resources */,
			);
			buildRules = (
			);
			dependencies = (
			);
			name = accessingCamera;
			productName = accessingCamera;
			productReference = 7E7EE83D22DD1EB500A6BA84 /* accessingCamera.app */;
			productType = "com.apple.product-type.application";
		};
		7E7EE85322DD1EB600A6BA84 /* accessingCameraTests */ = {
			isa = PBXNativeTarget;
			buildConfigurationList = 7E7EE86B22DD1EB600A6BA84 /* Build configuration list for PBXNativeTarget "accessingCameraTests" */;
			buildPhases = (
				7E7EE85022DD1EB600A6BA84 /* Sources */,
				7E7EE85122DD1EB600A6BA84 /* Frameworks */,
				7E7EE85222DD1EB600A6BA84 /* Resources */,
			);
			buildRules = (
			);
			dependencies = (
				7E7EE85622DD1EB600A6BA84 /* PBXTargetDependency */,
			);
			name = accessingCameraTests;
			productName = accessingCameraTests;
			productReference = 7E7EE85422DD1EB600A6BA84 /* accessingCameraTests.xctest */;
			productType = "com.apple.product-type.bundle.unit-test";
		};
		7E7EE85E22DD1EB600A6BA84 /* accessingCameraUITests */ = {
			isa = PBXNativeTarget;
			buildConfigurationList = 7E7EE86E22DD1EB600A6BA84 /* Build configuration list for PBXNativeTarget "accessingCameraUITests" */;
			buildPhases = (
				7E7EE85B22DD1EB600A6BA84 /* Sources */,
				7E7EE85C22DD1EB600A6BA84 /* Frameworks */,
				7E7EE85D22DD1EB600A6BA84 /* Resources */,
			);
			buildRules = (
			);
			dependencies = (
				7E7EE86122DD1EB600A6BA84 /* PBXTargetDependency */,
			);
			name = accessingCameraUITests;
			productName = accessingCameraUITests;
			productReference = 7E7EE85F22DD1EB600A6BA84 /* accessingCameraUITests.xctest */;
			productType = "com.apple.product-type.bundle.ui-testing";
		};
/* End PBXNativeTarget section */

/* Begin PBXProject section */
		7E7EE83522DD1EB500A6BA84 /* Project object */ = {
			isa = PBXProject;
			attributes = {
				LastSwiftUpdateCheck = 1000;
				LastUpgradeCheck = 1000;
				ORGANIZATIONNAME = "Isabella Maki";
				TargetAttributes = {
					7E7EE83C22DD1EB500A6BA84 = {
						CreatedOnToolsVersion = 10.0;
					};
					7E7EE85322DD1EB600A6BA84 = {
						CreatedOnToolsVersion = 10.0;
						TestTargetID = 7E7EE83C22DD1EB500A6BA84;
					};
					7E7EE85E22DD1EB600A6BA84 = {
						CreatedOnToolsVersion = 10.0;
						TestTargetID = 7E7EE83C22DD1EB500A6BA84;
					};
				};
			};
			buildConfigurationList = 7E7EE83822DD1EB500A6BA84 /* Build configuration list for PBXProject "accessingCamera" */;
			compatibilityVersion = "Xcode 9.3";
			developmentRegion = en;
			hasScannedForEncodings = 0;
			knownRegions = (
				en,
				Base,
			);
			mainGroup = 7E7EE83422DD1EB500A6BA84;
			productRefGroup = 7E7EE83E22DD1EB500A6BA84 /* Products */;
			projectDirPath = "";
			projectRoot = "";
			targets = (
				7E7EE83C22DD1EB500A6BA84 /* accessingCamera */,
				7E7EE85322DD1EB600A6BA84 /* accessingCameraTests */,
				7E7EE85E22DD1EB600A6BA84 /* accessingCameraUITests */,
			);
		};
/* End PBXProject section */

/* Begin PBXResourcesBuildPhase section */
		7E7EE83B22DD1EB500A6BA84 /* Resources */ = {
			isa = PBXResourcesBuildPhase;
			buildActionMask = 2147483647;
			files = (
				7E7EE84E22DD1EB600A6BA84 /* LaunchScreen.storyboard in Resources */,
				7E7EE84B22DD1EB600A6BA84 /* Assets.xcassets in Resources */,
				7E7EE84622DD1EB500A6BA84 /* Main.storyboard in Resources */,
			);
			runOnlyForDeploymentPostprocessing = 0;
		};
		7E7EE85222DD1EB600A6BA84 /* Resources */ = {
			isa = PBXResourcesBuildPhase;
			buildActionMask = 2147483647;
			files = (
			);
			runOnlyForDeploymentPostprocessing = 0;
		};
		7E7EE85D22DD1EB600A6BA84 /* Resources */ = {
			isa = PBXResourcesBuildPhase;
			buildActionMask = 2147483647;
			files = (
			);
			runOnlyForDeploymentPostprocessing = 0;
		};
/* End PBXResourcesBuildPhase section */

/* Begin PBXSourcesBuildPhase section */
		7E7EE83922DD1EB500A6BA84 /* Sources */ = {
			isa = PBXSourcesBuildPhase;
			buildActionMask = 2147483647;
			files = (
				7E7EE84322DD1EB500A6BA84 /* ViewController.swift in Sources */,
				7E7EE84122DD1EB500A6BA84 /* AppDelegate.swift in Sources */,
				7E7EE84922DD1EB500A6BA84 /* accessingCamera.xcdatamodeld in Sources */,
			);
			runOnlyForDeploymentPostprocessing = 0;
		};
		7E7EE85022DD1EB600A6BA84 /* Sources */ = {
			isa = PBXSourcesBuildPhase;
			buildActionMask = 2147483647;
			files = (
				7E7EE85922DD1EB600A6BA84 /* accessingCameraTests.swift in Sources */,
			);
			runOnlyForDeploymentPostprocessing = 0;
		};
		7E7EE85B22DD1EB600A6BA84 /* Sources */ = {
			isa = PBXSourcesBuildPhase;
			buildActionMask = 2147483647;
			files = (
				7E7EE86422DD1EB600A6BA84 /* accessingCameraUITests.swift in Sources */,
			);
			runOnlyForDeploymentPostprocessing = 0;
		};
/* End PBXSourcesBuildPhase section */

/* Begin PBXTargetDependency section */
		7E7EE85622DD1EB600A6BA84 /* PBXTargetDependency */ = {
			isa = PBXTargetDependency;
			target = 7E7EE83C22DD1EB500A6BA84 /* accessingCamera */;
			targetProxy = 7E7EE85522DD1EB600A6BA84 /* PBXContainerItemProxy */;
		};
		7E7EE86122DD1EB600A6BA84 /* PBXTargetDependency */ = {
			isa = PBXTargetDependency;
			target = 7E7EE83C22DD1EB500A6BA84 /* accessingCamera */;
			targetProxy = 7E7EE86022DD1EB600A6BA84 /* PBXContainerItemProxy */;
		};
/* End PBXTargetDependency section */

/* Begin PBXVariantGroup section */
		7E7EE84422DD1EB500A6BA84 /* Main.storyboard */ = {
			isa = PBXVariantGroup;
			children = (
				7E7EE84522DD1EB500A6BA84 /* Base */,
			);
			name = Main.storyboard;
			sourceTree = "<group>";
		};
		7E7EE84C22DD1EB600A6BA84 /* LaunchScreen.storyboard */ = {
			isa = PBXVariantGroup;
			children = (
				7E7EE84D22DD1EB600A6BA84 /* Base */,
			);
			name = LaunchScreen.storyboard;
			sourceTree = "<group>";
		};
/* End PBXVariantGroup section */

/* Begin XCBuildConfiguration section */
		7E7EE86622DD1EB600A6BA84 /* Debug */ = {
			isa = XCBuildConfiguration;
			buildSettings = {
				ALWAYS_SEARCH_USER_PATHS = NO;
				CLANG_ANALYZER_NONNULL = YES;
				CLANG_ANALYZER_NUMBER_OBJECT_CONVERSION = YES_AGGRESSIVE;
				CLANG_CXX_LANGUAGE_STANDARD = "gnu++14";
				CLANG_CXX_LIBRARY = "libc++";
				CLANG_ENABLE_MODULES = YES;
				CLANG_ENABLE_OBJC_ARC = YES;
				CLANG_ENABLE_OBJC_WEAK = YES;
				CLANG_WARN_BLOCK_CAPTURE_AUTORELEASING = YES;
				CLANG_WARN_BOOL_CONVERSION = YES;
				CLANG_WARN_COMMA = YES;
				CLANG_WARN_CONSTANT_CONVERSION = YES;
				CLANG_WARN_DEPRECATED_OBJC_IMPLEMENTATIONS = YES;
				CLANG_WARN_DIRECT_OBJC_ISA_USAGE = YES_ERROR;
				CLANG_WARN_DOCUMENTATION_COMMENTS = YES;
				CLANG_WARN_EMPTY_BODY = YES;
				CLANG_WARN_ENUM_CONVERSION = YES;
				CLANG_WARN_INFINITE_RECURSION = YES;
				CLANG_WARN_INT_CONVERSION = YES;
				CLANG_WARN_NON_LITERAL_NULL_CONVERSION = YES;
				CLANG_WARN_OBJC_IMPLICIT_RETAIN_SELF = YES;
				CLANG_WARN_OBJC_LITERAL_CONVERSION = YES;
				CLANG_WARN_OBJC_ROOT_CLASS = YES_ERROR;
				CLANG_WARN_RANGE_LOOP_ANALYSIS = YES;
				CLANG_WARN_STRICT_PROTOTYPES = YES;
				CLANG_WARN_SUSPICIOUS_MOVE = YES;
				CLANG_WARN_UNGUARDED_AVAILABILITY = YES_AGGRESSIVE;
				CLANG_WARN_UNREACHABLE_CODE = YES;
				CLANG_WARN__DUPLICATE_METHOD_MATCH = YES;
				CODE_SIGN_IDENTITY = "iPhone Developer";
				COPY_PHASE_STRIP = NO;
				DEBUG_INFORMATION_FORMAT = dwarf;
				ENABLE_STRICT_OBJC_MSGSEND = YES;
				ENABLE_TESTABILITY = YES;
				GCC_C_LANGUAGE_STANDARD = gnu11;
				GCC_DYNAMIC_NO_PIC = NO;
				GCC_NO_COMMON_BLOCKS = YES;
				GCC_OPTIMIZATION_LEVEL = 0;
				GCC_PREPROCESSOR_DEFINITIONS = (
					"DEBUG=1",
					"$(inherited)",
				);
				GCC_WARN_64_TO_32_BIT_CONVERSION = YES;
				GCC_WARN_ABOUT_RETURN_TYPE = YES_ERROR;
				GCC_WARN_UNDECLARED_SELECTOR = YES;
				GCC_WARN_UNINITIALIZED_AUTOS = YES_AGGRESSIVE;
				GCC_WARN_UNUSED_FUNCTION = YES;
				GCC_WARN_UNUSED_VARIABLE = YES;
				IPHONEOS_DEPLOYMENT_TARGET = 12.0;
				MTL_ENABLE_DEBUG_INFO = INCLUDE_SOURCE;
				MTL_FAST_MATH = YES;
				ONLY_ACTIVE_ARCH = YES;
				SDKROOT = iphoneos;
				SWIFT_ACTIVE_COMPILATION_CONDITIONS = DEBUG;
				SWIFT_OPTIMIZATION_LEVEL = "-Onone";
			};
			name = Debug;
		};
		7E7EE86722DD1EB600A6BA84 /* Release */ = {
			isa = XCBuildConfiguration;
			buildSettings = {
				ALWAYS_SEARCH_USER_PATHS = NO;
				CLANG_ANALYZER_NONNULL = YES;
				CLANG_ANALYZER_NUMBER_OBJECT_CONVERSION = YES_AGGRESSIVE;
				CLANG_CXX_LANGUAGE_STANDARD = "gnu++14";
				CLANG_CXX_LIBRARY = "libc++";
				CLANG_ENABLE_MODULES = YES;
				CLANG_ENABLE_OBJC_ARC = YES;
				CLANG_ENABLE_OBJC_WEAK = YES;
				CLANG_WARN_BLOCK_CAPTURE_AUTORELEASING = YES;
				CLANG_WARN_BOOL_CONVERSION = YES;
				CLANG_WARN_COMMA = YES;
				CLANG_WARN_CONSTANT_CONVERSION = YES;
				CLANG_WARN_DEPRECATED_OBJC_IMPLEMENTATIONS = YES;
				CLANG_WARN_DIRECT_OBJC_ISA_USAGE = YES_ERROR;
				CLANG_WARN_DOCUMENTATION_COMMENTS = YES;
				CLANG_WARN_EMPTY_BODY = YES;
				CLANG_WARN_ENUM_CONVERSION = YES;
				CLANG_WARN_INFINITE_RECURSION = YES;
				CLANG_WARN_INT_CONVERSION = YES;
				CLANG_WARN_NON_LITERAL_NULL_CONVERSION = YES;
				CLANG_WARN_OBJC_IMPLICIT_RETAIN_SELF = YES;
				CLANG_WARN_OBJC_LITERAL_CONVERSION = YES;
				CLANG_WARN_OBJC_ROOT_CLASS = YES_ERROR;
				CLANG_WARN_RANGE_LOOP_ANALYSIS = YES;
				CLANG_WARN_STRICT_PROTOTYPES = YES;
				CLANG_WARN_SUSPICIOUS_MOVE = YES;
				CLANG_WARN_UNGUARDED_AVAILABILITY = YES_AGGRESSIVE;
				CLANG_WARN_UNREACHABLE_CODE = YES;
				CLANG_WARN__DUPLICATE_METHOD_MATCH = YES;
				CODE_SIGN_IDENTITY = "iPhone Developer";
				COPY_PHASE_STRIP = NO;
				DEBUG_INFORMATION_FORMAT = "dwarf-with-dsym";
				ENABLE_NS_ASSERTIONS = NO;
				ENABLE_STRICT_OBJC_MSGSEND = YES;
				GCC_C_LANGUAGE_STANDARD = gnu11;
				GCC_NO_COMMON_BLOCKS = YES;
				GCC_WARN_64_TO_32_BIT_CONVERSION = YES;
				GCC_WARN_ABOUT_RETURN_TYPE = YES_ERROR;
				GCC_WARN_UNDECLARED_SELECTOR = YES;
				GCC_WARN_UNINITIALIZED_AUTOS = YES_AGGRESSIVE;
				GCC_WARN_UNUSED_FUNCTION = YES;
				GCC_WARN_UNUSED_VARIABLE = YES;
				IPHONEOS_DEPLOYMENT_TARGET = 12.0;
				MTL_ENABLE_DEBUG_INFO = NO;
				MTL_FAST_MATH = YES;
				SDKROOT = iphoneos;
				SWIFT_COMPILATION_MODE = wholemodule;
				SWIFT_OPTIMIZATION_LEVEL = "-O";
				VALIDATE_PRODUCT = YES;
			};
			name = Release;
		};
		7E7EE86922DD1EB600A6BA84 /* Debug */ = {
			isa = XCBuildConfiguration;
			buildSettings = {
				ASSETCATALOG_COMPILER_APPICON_NAME = AppIcon;
				CODE_SIGN_STYLE = Automatic;
				INFOPLIST_FILE = accessingCamera/Info.plist;
				LD_RUNPATH_SEARCH_PATHS = (
					"$(inherited)",
					"@executable_path/Frameworks",
				);
				PRODUCT_BUNDLE_IDENTIFIER = cpp.accessingCamera;
				PRODUCT_NAME = "$(TARGET_NAME)";
				SWIFT_VERSION = 4.2;
				TARGETED_DEVICE_FAMILY = "1,2";
			};
			name = Debug;
		};
		7E7EE86A22DD1EB600A6BA84 /* Release */ = {
			isa = XCBuildConfiguration;
			buildSettings = {
				ASSETCATALOG_COMPILER_APPICON_NAME = AppIcon;
				CODE_SIGN_STYLE = Automatic;
				INFOPLIST_FILE = accessingCamera/Info.plist;
				LD_RUNPATH_SEARCH_PATHS = (
					"$(inherited)",
					"@executable_path/Frameworks",
				);
				PRODUCT_BUNDLE_IDENTIFIER = cpp.accessingCamera;
				PRODUCT_NAME = "$(TARGET_NAME)";
				SWIFT_VERSION = 4.2;
				TARGETED_DEVICE_FAMILY = "1,2";
			};
			name = Release;
		};
		7E7EE86C22DD1EB600A6BA84 /* Debug */ = {
			isa = XCBuildConfiguration;
			buildSettings = {
				ALWAYS_EMBED_SWIFT_STANDARD_LIBRARIES = YES;
				BUNDLE_LOADER = "$(TEST_HOST)";
				CODE_SIGN_STYLE = Automatic;
				INFOPLIST_FILE = accessingCameraTests/Info.plist;
				LD_RUNPATH_SEARCH_PATHS = (
					"$(inherited)",
					"@executable_path/Frameworks",
					"@loader_path/Frameworks",
				);
				PRODUCT_BUNDLE_IDENTIFIER = cpp.accessingCameraTests;
				PRODUCT_NAME = "$(TARGET_NAME)";
				SWIFT_VERSION = 4.2;
				TARGETED_DEVICE_FAMILY = "1,2";
				TEST_HOST = "$(BUILT_PRODUCTS_DIR)/accessingCamera.app/accessingCamera";
			};
			name = Debug;
		};
		7E7EE86D22DD1EB600A6BA84 /* Release */ = {
			isa = XCBuildConfiguration;
			buildSettings = {
				ALWAYS_EMBED_SWIFT_STANDARD_LIBRARIES = YES;
				BUNDLE_LOADER = "$(TEST_HOST)";
				CODE_SIGN_STYLE = Automatic;
				INFOPLIST_FILE = accessingCameraTests/Info.plist;
				LD_RUNPATH_SEARCH_PATHS = (
					"$(inherited)",
					"@executable_path/Frameworks",
					"@loader_path/Frameworks",
				);
				PRODUCT_BUNDLE_IDENTIFIER = cpp.accessingCameraTests;
				PRODUCT_NAME = "$(TARGET_NAME)";
				SWIFT_VERSION = 4.2;
				TARGETED_DEVICE_FAMILY = "1,2";
				TEST_HOST = "$(BUILT_PRODUCTS_DIR)/accessingCamera.app/accessingCamera";
			};
			name = Release;
		};
		7E7EE86F22DD1EB600A6BA84 /* Debug */ = {
			isa = XCBuildConfiguration;
			buildSettings = {
				ALWAYS_EMBED_SWIFT_STANDARD_LIBRARIES = YES;
				CODE_SIGN_STYLE = Automatic;
				INFOPLIST_FILE = accessingCameraUITests/Info.plist;
				LD_RUNPATH_SEARCH_PATHS = (
					"$(inherited)",
					"@executable_path/Frameworks",
					"@loader_path/Frameworks",
				);
				PRODUCT_BUNDLE_IDENTIFIER = cpp.accessingCameraUITests;
				PRODUCT_NAME = "$(TARGET_NAME)";
				SWIFT_VERSION = 4.2;
				TARGETED_DEVICE_FAMILY = "1,2";
				TEST_TARGET_NAME = accessingCamera;
			};
			name = Debug;
		};
		7E7EE87022DD1EB600A6BA84 /* Release */ = {
			isa = XCBuildConfiguration;
			buildSettings = {
				ALWAYS_EMBED_SWIFT_STANDARD_LIBRARIES = YES;
				CODE_SIGN_STYLE = Automatic;
				INFOPLIST_FILE = accessingCameraUITests/Info.plist;
				LD_RUNPATH_SEARCH_PATHS = (
					"$(inherited)",
					"@executable_path/Frameworks",
					"@loader_path/Frameworks",
				);
				PRODUCT_BUNDLE_IDENTIFIER = cpp.accessingCameraUITests;
				PRODUCT_NAME = "$(TARGET_NAME)";
				SWIFT_VERSION = 4.2;
				TARGETED_DEVICE_FAMILY = "1,2";
				TEST_TARGET_NAME = accessingCamera;
			};
			name = Release;
		};
/* End XCBuildConfiguration section */

/* Begin XCConfigurationList section */
		7E7EE83822DD1EB500A6BA84 /* Build configuration list for PBXProject "accessingCamera" */ = {
			isa = XCConfigurationList;
			buildConfigurations = (
				7E7EE86622DD1EB600A6BA84 /* Debug */,
				7E7EE86722DD1EB600A6BA84 /* Release */,
			);
			defaultConfigurationIsVisible = 0;
			defaultConfigurationName = Release;
		};
		7E7EE86822DD1EB600A6BA84 /* Build configuration list for PBXNativeTarget "accessingCamera" */ = {
			isa = XCConfigurationList;
			buildConfigurations = (
				7E7EE86922DD1EB600A6BA84 /* Debug */,
				7E7EE86A22DD1EB600A6BA84 /* Release */,
			);
			defaultConfigurationIsVisible = 0;
			defaultConfigurationName = Release;
		};
		7E7EE86B22DD1EB600A6BA84 /* Build configuration list for PBXNativeTarget "accessingCameraTests" */ = {
			isa = XCConfigurationList;
			buildConfigurations = (
				7E7EE86C22DD1EB600A6BA84 /* Debug */,
				7E7EE86D22DD1EB600A6BA84 /* Release */,
			);
			defaultConfigurationIsVisible = 0;
			defaultConfigurationName = Release;
		};
		7E7EE86E22DD1EB600A6BA84 /* Build configuration list for PBXNativeTarget "accessingCameraUITests" */ = {
			isa = XCConfigurationList;
			buildConfigurations = (
				7E7EE86F22DD1EB600A6BA84 /* Debug */,
				7E7EE87022DD1EB600A6BA84 /* Release */,
			);
			defaultConfigurationIsVisible = 0;
			defaultConfigurationName = Release;
		};
/* End XCConfigurationList section */

/* Begin XCVersionGroup section */
		7E7EE84722DD1EB500A6BA84 /* accessingCamera.xcdatamodeld */ = {
			isa = XCVersionGroup;
			children = (
				7E7EE84822DD1EB500A6BA84 /* accessingCamera.xcdatamodel */,
			);
			currentVersion = 7E7EE84822DD1EB500A6BA84 /* accessingCamera.xcdatamodel */;
			path = accessingCamera.xcdatamodeld;
			sourceTree = "<group>";
			versionGroupType = wrapper.xcdatamodel;
		};
/* End XCVersionGroup section */
	};
	rootObject = 7E7EE83522DD1EB500A6BA84 /* Project object */;
}
